
Microsoft Visual Studio Solution File, Format Version 12.00
# Visual Studio 15
VisualStudioVersion = 15.0.28307.1684
MinimumVisualStudioVersion = 10.0.40219.1
Project("{FAE04EC0-301F-11D3-BF4B-00C04F79EFBC}") = "OnlineHealthCareServices", "OnlineHealthCareServices\OnlineHealthCareServices.csproj", "{683E8B97-A1EE-4289-9F5C-F550B88B9B7B}"
EndProject
Global
	GlobalSection(SolutionConfigurationPlatforms) = preSolution
		Debug|Any CPU = Debug|Any CPU
		Release|Any CPU = Release|Any CPU
	EndGlobalSection
	GlobalSection(ProjectConfigurationPlatforms) = postSolution
		{683E8B97-A1EE-4289-9F5C-F550B88B9B7B}.Debug|Any CPU.ActiveCfg = Debug|Any CPU
		{683E8B97-A1EE-4289-9F5C-F550B88B9B7B}.Debug|Any CPU.Build.0 = Debug|Any CPU
		{683E8B97-A1EE-4289-9F5C-F550B88B9B7B}.Release|Any CPU.ActiveCfg = Release|Any CPU
		{683E8B97-A1EE-4289-9F5C-F550B88B9B7B}.Release|Any CPU.Build.0 = Release|Any CPU
	EndGlobalSection
	GlobalSection(SolutionProperties) = preSolution
		HideSolutionNode = FALSE
	EndGlobalSection
	GlobalSection(ExtensibilityGlobals) = postSolution
		SolutionGuid = {96C2CD76-F59F-475E-8531-AA2D046A07E1}
	EndGlobalSection
EndGlobal
